
Microsoft Visual Studio Solution File, Format Version 12.00
# Visual Studio 2012
Project("{FAE04EC0-301F-11D3-BF4B-00C04F79EFBC}") = "HMSegmentedControl", "HMSegmentedControl.csproj", "{39AC2361-1D49-40D5-8E61-62EC421781A6}"
EndProject
Global
	GlobalSection(SolutionConfigurationPlatforms) = preSolution
		Debug|iPhoneSimulator = Debug|iPhoneSimulator
		Release|iPhoneSimulator = Release|iPhoneSimulator
		Debug|iPhone = Debug|iPhone
		Release|iPhone = Release|iPhone
		Ad-Hoc|iPhone = Ad-Hoc|iPhone
		AppStore|iPhone = AppStore|iPhone
	EndGlobalSection
	GlobalSection(ProjectConfigurationPlatforms) = postSolution
		{39AC2361-1D49-40D5-8E61-62EC421781A6}.Ad-Hoc|iPhone.ActiveCfg = Ad-Hoc|iPhone
		{39AC2361-1D49-40D5-8E61-62EC421781A6}.Ad-Hoc|iPhone.Build.0 = Ad-Hoc|iPhone
		{39AC2361-1D49-40D5-8E61-62EC421781A6}.AppStore|iPhone.ActiveCfg = AppStore|iPhone
		{39AC2361-1D49-40D5-8E61-62EC421781A6}.AppStore|iPhone.Build.0 = AppStore|iPhone
		{39AC2361-1D49-40D5-8E61-62EC421781A6}.Debug|iPhone.ActiveCfg = Debug|iPhone
		{39AC2361-1D49-40D5-8E61-62EC421781A6}.Debug|iPhone.Build.0 = Debug|iPhone
		{39AC2361-1D49-40D5-8E61-62EC421781A6}.Debug|iPhoneSimulator.ActiveCfg = Debug|iPhoneSimulator
		{39AC2361-1D49-40D5-8E61-62EC421781A6}.Debug|iPhoneSimulator.Build.0 = Debug|iPhoneSimulator
		{39AC2361-1D49-40D5-8E61-62EC421781A6}.Release|iPhone.ActiveCfg = Release|iPhone
		{39AC2361-1D49-40D5-8E61-62EC421781A6}.Release|iPhone.Build.0 = Release|iPhone
		{39AC2361-1D49-40D5-8E61-62EC421781A6}.Release|iPhoneSimulator.ActiveCfg = Release|iPhoneSimulator
		{39AC2361-1D49-40D5-8E61-62EC421781A6}.Release|iPhoneSimulator.Build.0 = Release|iPhoneSimulator
	EndGlobalSection
EndGlobal
